// !$*UTF8*$!
{
	archiveVersion = 1;
	classes = {
	};
	objectVersion = 46;
	objects = {

/* Begin PBXBuildFile section */
		D07D22291B273161002BE4AC /* main.m in Sources */ = {isa = PBXBuildFile; fileRef = D07D22281B273161002BE4AC /* main.m */; };
		D07D222C1B273161002BE4AC /* AppDelegate.m in Sources */ = {isa = PBXBuildFile; fileRef = D07D222B1B273161002BE4AC /* AppDelegate.m */; };
		D07D222F1B273161002BE4AC /* FirstViewController.m in Sources */ = {isa = PBXBuildFile; fileRef = D07D222E1B273161002BE4AC /* FirstViewController.m */; };
		D07D22321B273161002BE4AC /* SecondViewController.m in Sources */ = {isa = PBXBuildFile; fileRef = D07D22311B273161002BE4AC /* SecondViewController.m */; };
		D07D22351B273161002BE4AC /* Main.storyboard in Resources */ = {isa = PBXBuildFile; fileRef = D07D22331B273161002BE4AC /* Main.storyboard */; };
		D07D22371B273161002BE4AC /* Images.xcassets in Resources */ = {isa = PBXBuildFile; fileRef = D07D22361B273161002BE4AC /* Images.xcassets */; };
		D07D223A1B273161002BE4AC /* LaunchScreen.xib in Resources */ = {isa = PBXBuildFile; fileRef = D07D22381B273161002BE4AC /* LaunchScreen.xib */; };
		D07D22461B273161002BE4AC /* QuickNoteTests.m in Sources */ = {isa = PBXBuildFile; fileRef = D07D22451B273161002BE4AC /* QuickNoteTests.m */; };
/* End PBXBuildFile section */

/* Begin PBXContainerItemProxy section */
		D07D22401B273161002BE4AC /* PBXContainerItemProxy */ = {
			isa = PBXContainerItemProxy;
			containerPortal = D07D221B1B273161002BE4AC /* Project object */;
			proxyType = 1;
			remoteGlobalIDString = D07D22221B273161002BE4AC;
			remoteInfo = QuickNote;
		};
/* End PBXContainerItemProxy section */

/* Begin PBXCopyFilesBuildPhase section */
		D07D22741B28813A002BE4AC /* Embed App Extensions */ = {
			isa = PBXCopyFilesBuildPhase;
			buildActionMask = 2147483647;
			dstPath = "";
			dstSubfolderSpec = 13;
			files = (
			);
			name = "Embed App Extensions";
			runOnlyForDeploymentPostprocessing = 0;
		};
/* End PBXCopyFilesBuildPhase section */

/* Begin PBXFileReference section */
		D07D22231B273161002BE4AC /* QuickNote.app */ = {isa = PBXFileReference; explicitFileType = wrapper.application; includeInIndex = 0; path = QuickNote.app; sourceTree = BUILT_PRODUCTS_DIR; };
		D07D22271B273161002BE4AC /* Info.plist */ = {isa = PBXFileReference; lastKnownFileType = text.plist.xml; path = Info.plist; sourceTree = "<group>"; };
		D07D22281B273161002BE4AC /* main.m */ = {isa = PBXFileReference; lastKnownFileType = sourcecode.c.objc; path = main.m; sourceTree = "<group>"; };
		D07D222A1B273161002BE4AC /* AppDelegate.h */ = {isa = PBXFileReference; lastKnownFileType = sourcecode.c.h; path = AppDelegate.h; sourceTree = "<group>"; };
		D07D222B1B273161002BE4AC /* AppDelegate.m */ = {isa = PBXFileReference; lastKnownFileType = sourcecode.c.objc; path = AppDelegate.m; sourceTree = "<group>"; };
		D07D222D1B273161002BE4AC /* FirstViewController.h */ = {isa = PBXFileReference; lastKnownFileType = sourcecode.c.h; path = FirstViewController.h; sourceTree = "<group>"; };
		D07D222E1B273161002BE4AC /* FirstViewController.m */ = {isa = PBXFileReference; lastKnownFileType = sourcecode.c.objc; path = FirstViewController.m; sourceTree = "<group>"; };
		D07D22301B273161002BE4AC /* SecondViewController.h */ = {isa = PBXFileReference; lastKnownFileType = sourcecode.c.h; path = SecondViewController.h; sourceTree = "<group>"; };
		D07D22311B273161002BE4AC /* SecondViewController.m */ = {isa = PBXFileReference; lastKnownFileType = sourcecode.c.objc; path = SecondViewController.m; sourceTree = "<group>"; };
		D07D22341B273161002BE4AC /* Base */ = {isa = PBXFileReference; lastKnownFileType = file.storyboard; name = Base; path = Base.lproj/Main.storyboard; sourceTree = "<group>"; };
		D07D22361B273161002BE4AC /* Images.xcassets */ = {isa = PBXFileReference; lastKnownFileType = folder.assetcatalog; path = Images.xcassets; sourceTree = "<group>"; };
		D07D22391B273161002BE4AC /* Base */ = {isa = PBXFileReference; lastKnownFileType = file.xib; name = Base; path = Base.lproj/LaunchScreen.xib; sourceTree = "<group>"; };
		D07D223F1B273161002BE4AC /* QuickNoteTests.xctest */ = {isa = PBXFileReference; explicitFileType = wrapper.cfbundle; includeInIndex = 0; path = QuickNoteTests.xctest; sourceTree = BUILT_PRODUCTS_DIR; };
		D07D22441B273161002BE4AC /* Info.plist */ = {isa = PBXFileReference; lastKnownFileType = text.plist.xml; path = Info.plist; sourceTree = "<group>"; };
		D07D22451B273161002BE4AC /* QuickNoteTests.m */ = {isa = PBXFileReference; lastKnownFileType = sourcecode.c.objc; path = QuickNoteTests.m; sourceTree = "<group>"; };
		D07D224F1B28706D002BE4AC /* QuickNote.entitlements */ = {isa = PBXFileReference; lastKnownFileType = text.xml; path = QuickNote.entitlements; sourceTree = "<group>"; };
/* End PBXFileReference section */

/* Begin PBXFrameworksBuildPhase section */
		D07D22201B273161002BE4AC /* Frameworks */ = {
			isa = PBXFrameworksBuildPhase;
			buildActionMask = 2147483647;
			files = (
			);
			runOnlyForDeploymentPostprocessing = 0;
		};
		D07D223C1B273161002BE4AC /* Frameworks */ = {
			isa = PBXFrameworksBuildPhase;
			buildActionMask = 2147483647;
			files = (
			);
			runOnlyForDeploymentPostprocessing = 0;
		};
/* End PBXFrameworksBuildPhase section */

/* Begin PBXGroup section */
		D07D221A1B273161002BE4AC = {
			isa = PBXGroup;
			children = (
				D07D22251B273161002BE4AC /* QuickNote */,
				D07D22421B273161002BE4AC /* QuickNoteTests */,
				D07D22241B273161002BE4AC /* Products */,
			);
			sourceTree = "<group>";
		};
		D07D22241B273161002BE4AC /* Products */ = {
			isa = PBXGroup;
			children = (
				D07D22231B273161002BE4AC /* QuickNote.app */,
				D07D223F1B273161002BE4AC /* QuickNoteTests.xctest */,
			);
			name = Products;
			sourceTree = "<group>";
		};
		D07D22251B273161002BE4AC /* QuickNote */ = {
			isa = PBXGroup;
			children = (
				D07D224F1B28706D002BE4AC /* QuickNote.entitlements */,
				D07D222A1B273161002BE4AC /* AppDelegate.h */,
				D07D222B1B273161002BE4AC /* AppDelegate.m */,
				D07D222D1B273161002BE4AC /* FirstViewController.h */,
				D07D222E1B273161002BE4AC /* FirstViewController.m */,
				D07D22301B273161002BE4AC /* SecondViewController.h */,
				D07D22311B273161002BE4AC /* SecondViewController.m */,
				D07D22331B273161002BE4AC /* Main.storyboard */,
				D07D22361B273161002BE4AC /* Images.xcassets */,
				D07D22381B273161002BE4AC /* LaunchScreen.xib */,
				D07D22261B273161002BE4AC /* Supporting Files */,
			);
			path = QuickNote;
			sourceTree = "<group>";
		};
		D07D22261B273161002BE4AC /* Supporting Files */ = {
			isa = PBXGroup;
			children = (
				D07D22271B273161002BE4AC /* Info.plist */,
				D07D22281B273161002BE4AC /* main.m */,
			);
			name = "Supporting Files";
			sourceTree = "<group>";
		};
		D07D22421B273161002BE4AC /* QuickNoteTests */ = {
			isa = PBXGroup;
			children = (
				D07D22451B273161002BE4AC /* QuickNoteTests.m */,
				D07D22431B273161002BE4AC /* Supporting Files */,
			);
			path = QuickNoteTests;
			sourceTree = "<group>";
		};
		D07D22431B273161002BE4AC /* Supporting Files */ = {
			isa = PBXGroup;
			children = (
				D07D22441B273161002BE4AC /* Info.plist */,
			);
			name = "Supporting Files";
			sourceTree = "<group>";
		};
/* End PBXGroup section */

/* Begin PBXNativeTarget section */
		D07D22221B273161002BE4AC /* QuickNote */ = {
			isa = PBXNativeTarget;
			buildConfigurationList = D07D22491B273161002BE4AC /* Build configuration list for PBXNativeTarget "QuickNote" */;
			buildPhases = (
				D07D221F1B273161002BE4AC /* Sources */,
				D07D22201B273161002BE4AC /* Frameworks */,
				D07D22211B273161002BE4AC /* Resources */,
				D07D22741B28813A002BE4AC /* Embed App Extensions */,
			);
			buildRules = (
			);
			dependencies = (
			);
			name = QuickNote;
			productName = QuickNote;
			productReference = D07D22231B273161002BE4AC /* QuickNote.app */;
			productType = "com.apple.product-type.application";
		};
		D07D223E1B273161002BE4AC /* QuickNoteTests */ = {
			isa = PBXNativeTarget;
			buildConfigurationList = D07D224C1B273161002BE4AC /* Build configuration list for PBXNativeTarget "QuickNoteTests" */;
			buildPhases = (
				D07D223B1B273161002BE4AC /* Sources */,
				D07D223C1B273161002BE4AC /* Frameworks */,
				D07D223D1B273161002BE4AC /* Resources */,
			);
			buildRules = (
			);
			dependencies = (
				D07D22411B273161002BE4AC /* PBXTargetDependency */,
			);
			name = QuickNoteTests;
			productName = QuickNoteTests;
			productReference = D07D223F1B273161002BE4AC /* QuickNoteTests.xctest */;
			productType = "com.apple.product-type.bundle.unit-test";
		};
/* End PBXNativeTarget section */

/* Begin PBXProject section */
		D07D221B1B273161002BE4AC /* Project object */ = {
			isa = PBXProject;
			attributes = {
				LastUpgradeCheck = 0630;
				ORGANIZATIONNAME = "Patrick Matherly";
				TargetAttributes = {
					D07D22221B273161002BE4AC = {
						CreatedOnToolsVersion = 6.3.2;
						DevelopmentTeam = 2KQ8PZJ448;
						SystemCapabilities = {
							com.apple.ApplicationGroups.iOS = {
								enabled = 0;
							};
						};
					};
					D07D223E1B273161002BE4AC = {
						CreatedOnToolsVersion = 6.3.2;
						TestTargetID = D07D22221B273161002BE4AC;
					};
				};
			};
			buildConfigurationList = D07D221E1B273161002BE4AC /* Build configuration list for PBXProject "QuickNote" */;
			compatibilityVersion = "Xcode 3.2";
			developmentRegion = English;
			hasScannedForEncodings = 0;
			knownRegions = (
				en,
				Base,
			);
			mainGroup = D07D221A1B273161002BE4AC;
			productRefGroup = D07D22241B273161002BE4AC /* Products */;
			projectDirPath = "";
			projectRoot = "";
			targets = (
				D07D22221B273161002BE4AC /* QuickNote */,
				D07D223E1B273161002BE4AC /* QuickNoteTests */,
			);
		};
/* End PBXProject section */

/* Begin PBXResourcesBuildPhase section */
		D07D22211B273161002BE4AC /* Resources */ = {
			isa = PBXResourcesBuildPhase;
			buildActionMask = 2147483647;
			files = (
				D07D22351B273161002BE4AC /* Main.storyboard in Resources */,
				D07D223A1B273161002BE4AC /* LaunchScreen.xib in Resources */,
				D07D22371B273161002BE4AC /* Images.xcassets in Resources */,
			);
			runOnlyForDeploymentPostprocessing = 0;
		};
		D07D223D1B273161002BE4AC /* Resources */ = {
			isa = PBXResourcesBuildPhase;
			buildActionMask = 2147483647;
			files = (
			);
			runOnlyForDeploymentPostprocessing = 0;
		};
/* End PBXResourcesBuildPhase section */

/* Begin PBXSourcesBuildPhase section */
		D07D221F1B273161002BE4AC /* Sources */ = {
			isa = PBXSourcesBuildPhase;
			buildActionMask = 2147483647;
			files = (
				D07D22321B273161002BE4AC /* SecondViewController.m in Sources */,
				D07D222C1B273161002BE4AC /* AppDelegate.m in Sources */,
				D07D222F1B273161002BE4AC /* FirstViewController.m in Sources */,
				D07D22291B273161002BE4AC /* main.m in Sources */,
			);
			runOnlyForDeploymentPostprocessing = 0;
		};
		D07D223B1B273161002BE4AC /* Sources */ = {
			isa = PBXSourcesBuildPhase;
			buildActionMask = 2147483647;
			files = (
				D07D22461B273161002BE4AC /* QuickNoteTests.m in Sources */,
			);
			runOnlyForDeploymentPostprocessing = 0;
		};
/* End PBXSourcesBuildPhase section */

/* Begin PBXTargetDependency section */
		D07D22411B273161002BE4AC /* PBXTargetDependency */ = {
			isa = PBXTargetDependency;
			target = D07D22221B273161002BE4AC /* QuickNote */;
			targetProxy = D07D22401B273161002BE4AC /* PBXContainerItemProxy */;
		};
/* End PBXTargetDependency section */

/* Begin PBXVariantGroup section */
		D07D22331B273161002BE4AC /* Main.storyboard */ = {
			isa = PBXVariantGroup;
			children = (
				D07D22341B273161002BE4AC /* Base */,
			);
			name = Main.storyboard;
			sourceTree = "<group>";
		};
		D07D22381B273161002BE4AC /* LaunchScreen.xib */ = {
			isa = PBXVariantGroup;
			children = (
				D07D22391B273161002BE4AC /* Base */,
			);
			name = LaunchScreen.xib;
			sourceTree = "<group>";
		};
/* End PBXVariantGroup section */

/* Begin XCBuildConfiguration section */
		D07D22471B273161002BE4AC /* Debug */ = {
			isa = XCBuildConfiguration;
			buildSettings = {
				ALWAYS_SEARCH_USER_PATHS = NO;
				CLANG_CXX_LANGUAGE_STANDARD = "gnu++0x";
				CLANG_CXX_LIBRARY = "libc++";
				CLANG_ENABLE_MODULES = YES;
				CLANG_ENABLE_OBJC_ARC = YES;
				CLANG_WARN_BOOL_CONVERSION = YES;
				CLANG_WARN_CONSTANT_CONVERSION = YES;
				CLANG_WARN_DIRECT_OBJC_ISA_USAGE = YES_ERROR;
				CLANG_WARN_EMPTY_BODY = YES;
				CLANG_WARN_ENUM_CONVERSION = YES;
				CLANG_WARN_INT_CONVERSION = YES;
				CLANG_WARN_OBJC_ROOT_CLASS = YES_ERROR;
				CLANG_WARN_UNREACHABLE_CODE = YES;
				CLANG_WARN__DUPLICATE_METHOD_MATCH = YES;
				"CODE_SIGN_IDENTITY[sdk=iphoneos*]" = "iPhone Developer";
				COPY_PHASE_STRIP = NO;
				DEBUG_INFORMATION_FORMAT = "dwarf-with-dsym";
				ENABLE_STRICT_OBJC_MSGSEND = YES;
				GCC_C_LANGUAGE_STANDARD = gnu99;
				GCC_DYNAMIC_NO_PIC = NO;
				GCC_NO_COMMON_BLOCKS = YES;
				GCC_OPTIMIZATION_LEVEL = 0;
				GCC_PREPROCESSOR_DEFINITIONS = (
					"DEBUG=1",
					"$(inherited)",
				);
				GCC_SYMBOLS_PRIVATE_EXTERN = NO;
				GCC_WARN_64_TO_32_BIT_CONVERSION = YES;
				GCC_WARN_ABOUT_RETURN_TYPE = YES_ERROR;
				GCC_WARN_UNDECLARED_SELECTOR = YES;
				GCC_WARN_UNINITIALIZED_AUTOS = YES_AGGRESSIVE;
				GCC_WARN_UNUSED_FUNCTION = YES;
				GCC_WARN_UNUSED_VARIABLE = YES;
				IPHONEOS_DEPLOYMENT_TARGET = 8.3;
				MTL_ENABLE_DEBUG_INFO = YES;
				ONLY_ACTIVE_ARCH = YES;
				SDKROOT = iphoneos;
			};
			name = Debug;
		};
		D07D22481B273161002BE4AC /* Release */ = {
			isa = XCBuildConfiguration;
			buildSettings = {
				ALWAYS_SEARCH_USER_PATHS = NO;
				CLANG_CXX_LANGUAGE_STANDARD = "gnu++0x";
				CLANG_CXX_LIBRARY = "libc++";
				CLANG_ENABLE_MODULES = YES;
				CLANG_ENABLE_OBJC_ARC = YES;
				CLANG_WARN_BOOL_CONVERSION = YES;
				CLANG_WARN_CONSTANT_CONVERSION = YES;
				CLANG_WARN_DIRECT_OBJC_ISA_USAGE = YES_ERROR;
				CLANG_WARN_EMPTY_BODY = YES;
				CLANG_WARN_ENUM_CONVERSION = YES;
				CLANG_WARN_INT_CONVERSION = YES;
				CLANG_WARN_OBJC_ROOT_CLASS = YES_ERROR;
				CLANG_WARN_UNREACHABLE_CODE = YES;
				CLANG_WARN__DUPLICATE_METHOD_MATCH = YES;
				"CODE_SIGN_IDENTITY[sdk=iphoneos*]" = "iPhone Developer";
				COPY_PHASE_STRIP = NO;
				DEBUG_INFORMATION_FORMAT = "dwarf-with-dsym";
				ENABLE_NS_ASSERTIONS = NO;
				ENABLE_STRICT_OBJC_MSGSEND = YES;
				GCC_C_LANGUAGE_STANDARD = gnu99;
				GCC_NO_COMMON_BLOCKS = YES;
				GCC_WARN_64_TO_32_BIT_CONVERSION = YES;
				GCC_WARN_ABOUT_RETURN_TYPE = YES_ERROR;
				GCC_WARN_UNDECLARED_SELECTOR = YES;
				GCC_WARN_UNINITIALIZED_AUTOS = YES_AGGRESSIVE;
				GCC_WARN_UNUSED_FUNCTION = YES;
				GCC_WARN_UNUSED_VARIABLE = YES;
				IPHONEOS_DEPLOYMENT_TARGET = 8.3;
				MTL_ENABLE_DEBUG_INFO = NO;
				SDKROOT = iphoneos;
				VALIDATE_PRODUCT = YES;
			};
			name = Release;
		};
		D07D224A1B273161002BE4AC /* Debug */ = {
			isa = XCBuildConfiguration;
			buildSettings = {
				ASSETCATALOG_COMPILER_APPICON_NAME = AppIcon;
				CODE_SIGN_ENTITLEMENTS = QuickNote/QuickNote.entitlements;
				CODE_SIGN_IDENTITY = "iPhone Developer";
				"CODE_SIGN_IDENTITY[sdk=iphoneos*]" = "iPhone Developer";
				INFOPLIST_FILE = QuickNote/Info.plist;
				LD_RUNPATH_SEARCH_PATHS = "$(inherited) @executable_path/Frameworks";
				PRODUCT_BUNDLE_IDENTIFIER = com.pmather.QuickNote;
				PRODUCT_NAME = "$(TARGET_NAME)";
				PROVISIONING_PROFILE = "";
			};
			name = Debug;
		};
		D07D224B1B273161002BE4AC /* Release */ = {
			isa = XCBuildConfiguration;
			buildSettings = {
				ASSETCATALOG_COMPILER_APPICON_NAME = AppIcon;
				CODE_SIGN_ENTITLEMENTS = QuickNote/QuickNote.entitlements;
				CODE_SIGN_IDENTITY = "iPhone Developer";
				"CODE_SIGN_IDENTITY[sdk=iphoneos*]" = "iPhone Developer";
				INFOPLIST_FILE = QuickNote/Info.plist;
				LD_RUNPATH_SEARCH_PATHS = "$(inherited) @executable_path/Frameworks";
				PRODUCT_BUNDLE_IDENTIFIER = com.pmather.QuickNote;
				PRODUCT_NAME = "$(TARGET_NAME)";
				PROVISIONING_PROFILE = "";
			};
			name = Release;
		};
		D07D224D1B273161002BE4AC /* Debug */ = {
			isa = XCBuildConfiguration;
			buildSettings = {
				BUNDLE_LOADER = "$(TEST_HOST)";
				FRAMEWORK_SEARCH_PATHS = (
					"$(SDKROOT)/Developer/Library/Frameworks",
					"$(inherited)",
				);
				GCC_PREPROCESSOR_DEFINITIONS = (
					"DEBUG=1",
					"$(inherited)",
				);
				INFOPLIST_FILE = QuickNoteTests/Info.plist;
				LD_RUNPATH_SEARCH_PATHS = "$(inherited) @executable_path/Frameworks @loader_path/Frameworks";
				PRODUCT_NAME = "$(TARGET_NAME)";
				TEST_HOST = "$(BUILT_PRODUCTS_DIR)/QuickNote.app/QuickNote";
			};
			name = Debug;
		};
		D07D224E1B273161002BE4AC /* Release */ = {
			isa = XCBuildConfiguration;
			buildSettings = {
				BUNDLE_LOADER = "$(TEST_HOST)";
				FRAMEWORK_SEARCH_PATHS = (
					"$(SDKROOT)/Developer/Library/Frameworks",
					"$(inherited)",
				);
				INFOPLIST_FILE = QuickNoteTests/Info.plist;
				LD_RUNPATH_SEARCH_PATHS = "$(inherited) @executable_path/Frameworks @loader_path/Frameworks";
				PRODUCT_NAME = "$(TARGET_NAME)";
				TEST_HOST = "$(BUILT_PRODUCTS_DIR)/QuickNote.app/QuickNote";
			};
			name = Release;
		};
/* End XCBuildConfiguration section */

/* Begin XCConfigurationList section */
		D07D221E1B273161002BE4AC /* Build configuration list for PBXProject "QuickNote" */ = {
			isa = XCConfigurationList;
			buildConfigurations = (
				D07D22471B273161002BE4AC /* Debug */,
				D07D22481B273161002BE4AC /* Release */,
			);
			defaultConfigurationIsVisible = 0;
			defaultConfigurationName = Release;
		};
		D07D22491B273161002BE4AC /* Build configuration list for PBXNativeTarget "QuickNote" */ = {
			isa = XCConfigurationList;
			buildConfigurations = (
				D07D224A1B273161002BE4AC /* Debug */,
				D07D224B1B273161002BE4AC /* Release */,
			);
			defaultConfigurationIsVisible = 0;
			defaultConfigurationName = Release;
		};
		D07D224C1B273161002BE4AC /* Build configuration list for PBXNativeTarget "QuickNoteTests" */ = {
			isa = XCConfigurationList;
			buildConfigurations = (
				D07D224D1B273161002BE4AC /* Debug */,
				D07D224E1B273161002BE4AC /* Release */,
			);
			defaultConfigurationIsVisible = 0;
			defaultConfigurationName = Release;
		};
/* End XCConfigurationList section */
	};
	rootObject = D07D221B1B273161002BE4AC /* Project object */;
}
